
Microsoft Visual Studio Solution File, Format Version 12.00
# Visual Studio Version 16
VisualStudioVersion = 16.0.30804.86
MinimumVisualStudioVersion = 10.0.40219.1
Project("{FAE04EC0-301F-11D3-BF4B-00C04F79EFBC}") = "BusinessRuleEngine", "BusinessRuleEngine\BusinessRuleEngine.csproj", "{88CB9950-74A6-4AE0-A17B-F40AA2AB253D}"
EndProject
Project("{FAE04EC0-301F-11D3-BF4B-00C04F79EFBC}") = "BusinessRuleEngineTests", "BusinessRuleEngineTests\BusinessRuleEngineTests.csproj", "{F2B8E533-2528-4B0F-9200-6F6D960F8E45}"
EndProject
Global
	GlobalSection(SolutionConfigurationPlatforms) = preSolution
		Debug|Any CPU = Debug|Any CPU
		Release|Any CPU = Release|Any CPU
	EndGlobalSection
	GlobalSection(ProjectConfigurationPlatforms) = postSolution
		{88CB9950-74A6-4AE0-A17B-F40AA2AB253D}.Debug|Any CPU.ActiveCfg = Debug|Any CPU
		{88CB9950-74A6-4AE0-A17B-F40AA2AB253D}.Debug|Any CPU.Build.0 = Debug|Any CPU
		{88CB9950-74A6-4AE0-A17B-F40AA2AB253D}.Release|Any CPU.ActiveCfg = Release|Any CPU
		{88CB9950-74A6-4AE0-A17B-F40AA2AB253D}.Release|Any CPU.Build.0 = Release|Any CPU
		{F2B8E533-2528-4B0F-9200-6F6D960F8E45}.Debug|Any CPU.ActiveCfg = Debug|Any CPU
		{F2B8E533-2528-4B0F-9200-6F6D960F8E45}.Debug|Any CPU.Build.0 = Debug|Any CPU
		{F2B8E533-2528-4B0F-9200-6F6D960F8E45}.Release|Any CPU.ActiveCfg = Release|Any CPU
		{F2B8E533-2528-4B0F-9200-6F6D960F8E45}.Release|Any CPU.Build.0 = Release|Any CPU
	EndGlobalSection
	GlobalSection(SolutionProperties) = preSolution
		HideSolutionNode = FALSE
	EndGlobalSection
	GlobalSection(ExtensibilityGlobals) = postSolution
		SolutionGuid = {45851A32-F76B-4B37-8490-5A10F3D27363}
	EndGlobalSection
EndGlobal
